
Microsoft Visual Studio Solution File, Format Version 12.00
# Visual Studio Version 16
VisualStudioVersion = 16.0.31025.194
MinimumVisualStudioVersion = 10.0.40219.1
Project("{FAE04EC0-301F-11D3-BF4B-00C04F79EFBC}") = "WebApplication8", "WebApplication8\WebApplication8.csproj", "{AC796A68-4D33-413E-AC90-980A3C6DE368}"
EndProject
Global
	GlobalSection(SolutionConfigurationPlatforms) = preSolution
		Debug|Any CPU = Debug|Any CPU
		Release|Any CPU = Release|Any CPU
	EndGlobalSection
	GlobalSection(ProjectConfigurationPlatforms) = postSolution
		{AC796A68-4D33-413E-AC90-980A3C6DE368}.Debug|Any CPU.ActiveCfg = Debug|Any CPU
		{AC796A68-4D33-413E-AC90-980A3C6DE368}.Debug|Any CPU.Build.0 = Debug|Any CPU
		{AC796A68-4D33-413E-AC90-980A3C6DE368}.Release|Any CPU.ActiveCfg = Release|Any CPU
		{AC796A68-4D33-413E-AC90-980A3C6DE368}.Release|Any CPU.Build.0 = Release|Any CPU
	EndGlobalSection
	GlobalSection(SolutionProperties) = preSolution
		HideSolutionNode = FALSE
	EndGlobalSection
	GlobalSection(ExtensibilityGlobals) = postSolution
		SolutionGuid = {B5358610-13DF-4416-8AFA-C86F91E58890}
	EndGlobalSection
EndGlobal
